
Microsoft Visual Studio Solution File, Format Version 12.00
# Visual Studio Version 17
VisualStudioVersion = 17.6.33723.286
MinimumVisualStudioVersion = 10.0.40219.1
Project("{888888A0-9F3D-457C-B088-3A5042F75D52}") = "Password checking (beginner practice)", "Password checking (beginner practice)\Password checking (beginner practice).pyproj", "{ABF11E9F-D38E-47F9-BB4C-D4852FFC90DA}"
EndProject
Global
	GlobalSection(SolutionConfigurationPlatforms) = preSolution
		Debug|Any CPU = Debug|Any CPU
		Release|Any CPU = Release|Any CPU
	EndGlobalSection
	GlobalSection(ProjectConfigurationPlatforms) = postSolution
		{ABF11E9F-D38E-47F9-BB4C-D4852FFC90DA}.Debug|Any CPU.ActiveCfg = Debug|Any CPU
		{ABF11E9F-D38E-47F9-BB4C-D4852FFC90DA}.Release|Any CPU.ActiveCfg = Release|Any CPU
	EndGlobalSection
	GlobalSection(SolutionProperties) = preSolution
		HideSolutionNode = FALSE
	EndGlobalSection
	GlobalSection(ExtensibilityGlobals) = postSolution
		SolutionGuid = {64169BA3-EAE7-4715-B9DF-730714DB1816}
	EndGlobalSection
EndGlobal
